
Microsoft Visual Studio Solution File, Format Version 11.00
# Visual Studio 2010
Project("{FAE04EC0-301F-11D3-BF4B-00C04F79EFBC}") = "log4net.Ext.Json.1.2.13.vs2010.net.2.0", "log4net.Ext.Json.1.2.13.vs2010.net.2.0.csproj", "{857AF522-E42D-4F9E-9916-140526D7DE4B}"
EndProject
Project("{FAE04EC0-301F-11D3-BF4B-00C04F79EFBC}") = "log4net.Ext.Json.1.2.13.vs2010.net.3.5", "log4net.Ext.Json.1.2.13.vs2010.net.3.5.csproj", "{900A8C20-01BE-427A-B7C7-B8C54AF10553}"
EndProject
Project("{FAE04EC0-301F-11D3-BF4B-00C04F79EFBC}") = "log4net.Ext.Json.1.2.13.vs2010.net.3.5.cp", "log4net.Ext.Json.1.2.13.vs2010.net.3.5.cp.csproj", "{558CA395-C4FE-40A7-A6BA-92FDFD2AAC23}"
EndProject
Project("{FAE04EC0-301F-11D3-BF4B-00C04F79EFBC}") = "log4net.Ext.Json.1.2.11.vs2010.net.3.5", "log4net.Ext.Json.1.2.11.vs2010.net.3.5.csproj", "{38713440-D507-44BB-A898-7BC2ED1DF710}"
EndProject
Project("{FAE04EC0-301F-11D3-BF4B-00C04F79EFBC}") = "log4net.Ext.Json.1.2.11.vs2010.net.2.0", "log4net.Ext.Json.1.2.11.vs2010.net.2.0.csproj", "{ACE30186-0909-49A8-8142-BC6EAD337E97}"
EndProject
Project("{FAE04EC0-301F-11D3-BF4B-00C04F79EFBC}") = "log4net.vs2010", "..\..\log4net\log4net.vs2010.csproj", "{181FE707-E161-4722-9F38-6AAAB6FAA106}"
EndProject
Project("{FAE04EC0-301F-11D3-BF4B-00C04F79EFBC}") = "log4net.Ext.Json.1.3.trunk.vs2010.net.4.0", "log4net.Ext.Json.1.3.trunk.vs2010.net.4.0.csproj", "{06A52FA9-985D-455A-A7EE-EF6179B26919}"
EndProject
Project("{FAE04EC0-301F-11D3-BF4B-00C04F79EFBC}") = "log4net.Ext.Json.1.2.10.vs2010.net.2.0", "log4net.Ext.Json.1.2.10.vs2010.net.2.0.csproj", "{3F99C574-3288-4E22-9736-3A08182E408E}"
EndProject
Global
	GlobalSection(SolutionConfigurationPlatforms) = preSolution
		Debug|Any CPU = Debug|Any CPU
		Release|Any CPU = Release|Any CPU
	EndGlobalSection
	GlobalSection(ProjectConfigurationPlatforms) = postSolution
		{857AF522-E42D-4F9E-9916-140526D7DE4B}.Debug|Any CPU.ActiveCfg = Debug|Any CPU
		{857AF522-E42D-4F9E-9916-140526D7DE4B}.Debug|Any CPU.Build.0 = Debug|Any CPU
		{857AF522-E42D-4F9E-9916-140526D7DE4B}.Release|Any CPU.ActiveCfg = Release|Any CPU
		{857AF522-E42D-4F9E-9916-140526D7DE4B}.Release|Any CPU.Build.0 = Release|Any CPU
		{900A8C20-01BE-427A-B7C7-B8C54AF10553}.Debug|Any CPU.ActiveCfg = Debug|Any CPU
		{900A8C20-01BE-427A-B7C7-B8C54AF10553}.Debug|Any CPU.Build.0 = Debug|Any CPU
		{900A8C20-01BE-427A-B7C7-B8C54AF10553}.Release|Any CPU.ActiveCfg = Release|Any CPU
		{900A8C20-01BE-427A-B7C7-B8C54AF10553}.Release|Any CPU.Build.0 = Release|Any CPU
		{558CA395-C4FE-40A7-A6BA-92FDFD2AAC23}.Debug|Any CPU.ActiveCfg = Debug|Any CPU
		{558CA395-C4FE-40A7-A6BA-92FDFD2AAC23}.Debug|Any CPU.Build.0 = Debug|Any CPU
		{558CA395-C4FE-40A7-A6BA-92FDFD2AAC23}.Release|Any CPU.ActiveCfg = Release|Any CPU
		{558CA395-C4FE-40A7-A6BA-92FDFD2AAC23}.Release|Any CPU.Build.0 = Release|Any CPU
		{38713440-D507-44BB-A898-7BC2ED1DF710}.Debug|Any CPU.ActiveCfg = Debug|Any CPU
		{38713440-D507-44BB-A898-7BC2ED1DF710}.Debug|Any CPU.Build.0 = Debug|Any CPU
		{38713440-D507-44BB-A898-7BC2ED1DF710}.Release|Any CPU.ActiveCfg = Release|Any CPU
		{38713440-D507-44BB-A898-7BC2ED1DF710}.Release|Any CPU.Build.0 = Release|Any CPU
		{ACE30186-0909-49A8-8142-BC6EAD337E97}.Debug|Any CPU.ActiveCfg = Debug|Any CPU
		{ACE30186-0909-49A8-8142-BC6EAD337E97}.Debug|Any CPU.Build.0 = Debug|Any CPU
		{ACE30186-0909-49A8-8142-BC6EAD337E97}.Release|Any CPU.ActiveCfg = Release|Any CPU
		{ACE30186-0909-49A8-8142-BC6EAD337E97}.Release|Any CPU.Build.0 = Release|Any CPU
		{181FE707-E161-4722-9F38-6AAAB6FAA106}.Debug|Any CPU.ActiveCfg = Debug|Any CPU
		{181FE707-E161-4722-9F38-6AAAB6FAA106}.Debug|Any CPU.Build.0 = Debug|Any CPU
		{181FE707-E161-4722-9F38-6AAAB6FAA106}.Release|Any CPU.ActiveCfg = Release|Any CPU
		{181FE707-E161-4722-9F38-6AAAB6FAA106}.Release|Any CPU.Build.0 = Release|Any CPU
		{06A52FA9-985D-455A-A7EE-EF6179B26919}.Debug|Any CPU.ActiveCfg = Debug|Any CPU
		{06A52FA9-985D-455A-A7EE-EF6179B26919}.Debug|Any CPU.Build.0 = Debug|Any CPU
		{06A52FA9-985D-455A-A7EE-EF6179B26919}.Release|Any CPU.ActiveCfg = Release|Any CPU
		{06A52FA9-985D-455A-A7EE-EF6179B26919}.Release|Any CPU.Build.0 = Release|Any CPU
		{3F99C574-3288-4E22-9736-3A08182E408E}.Debug|Any CPU.ActiveCfg = Debug|Any CPU
		{3F99C574-3288-4E22-9736-3A08182E408E}.Debug|Any CPU.Build.0 = Debug|Any CPU
		{3F99C574-3288-4E22-9736-3A08182E408E}.Release|Any CPU.ActiveCfg = Release|Any CPU
		{3F99C574-3288-4E22-9736-3A08182E408E}.Release|Any CPU.Build.0 = Release|Any CPU
	EndGlobalSection
	GlobalSection(SolutionProperties) = preSolution
		HideSolutionNode = FALSE
	EndGlobalSection
EndGlobal
